
Microsoft Visual Studio Solution File, Format Version 12.00
# Visual Studio 14
VisualStudioVersion = 14.0.23107.0
MinimumVisualStudioVersion = 10.0.40219.1
Project("{FAE04EC0-301F-11D3-BF4B-00C04F79EFBC}") = "simplifyingMethods", "simplifyingMethods\simplifyingMethods.csproj", "{055B710A-3FC4-4AC4-9FE6-10069BED6F11}"
EndProject
Global
	GlobalSection(SolutionConfigurationPlatforms) = preSolution
		Debug|Any CPU = Debug|Any CPU
		Release|Any CPU = Release|Any CPU
	EndGlobalSection
	GlobalSection(ProjectConfigurationPlatforms) = postSolution
		{055B710A-3FC4-4AC4-9FE6-10069BED6F11}.Debug|Any CPU.ActiveCfg = Debug|Any CPU
		{055B710A-3FC4-4AC4-9FE6-10069BED6F11}.Debug|Any CPU.Build.0 = Debug|Any CPU
		{055B710A-3FC4-4AC4-9FE6-10069BED6F11}.Release|Any CPU.ActiveCfg = Release|Any CPU
		{055B710A-3FC4-4AC4-9FE6-10069BED6F11}.Release|Any CPU.Build.0 = Release|Any CPU
	EndGlobalSection
	GlobalSection(SolutionProperties) = preSolution
		HideSolutionNode = FALSE
	EndGlobalSection
EndGlobal
