
Microsoft Visual Studio Solution File, Format Version 12.00
# Visual Studio 14
VisualStudioVersion = 14.0.23107.0
MinimumVisualStudioVersion = 10.0.40219.1
Project("{FAE04EC0-301F-11D3-BF4B-00C04F79EFBC}") = "Greetings", "Greetings\Greetings.csproj", "{F013DEBB-997A-4B7F-B682-83F49E0AEE81}"
EndProject
Global
	GlobalSection(SolutionConfigurationPlatforms) = preSolution
		Debug|Any CPU = Debug|Any CPU
		Release|Any CPU = Release|Any CPU
	EndGlobalSection
	GlobalSection(ProjectConfigurationPlatforms) = postSolution
		{F013DEBB-997A-4B7F-B682-83F49E0AEE81}.Debug|Any CPU.ActiveCfg = Debug|Any CPU
		{F013DEBB-997A-4B7F-B682-83F49E0AEE81}.Debug|Any CPU.Build.0 = Debug|Any CPU
		{F013DEBB-997A-4B7F-B682-83F49E0AEE81}.Release|Any CPU.ActiveCfg = Release|Any CPU
		{F013DEBB-997A-4B7F-B682-83F49E0AEE81}.Release|Any CPU.Build.0 = Release|Any CPU
	EndGlobalSection
	GlobalSection(SolutionProperties) = preSolution
		HideSolutionNode = FALSE
	EndGlobalSection
EndGlobal
